{
  "name": "ajs_test",
  "lockfileVersion": 3,
  "requires": true,
  "packages": {
    "": {
      "dependencies": {
        "@maxiw15/ajs": "^1.0.0"
      }
    },
    "node_modules/@maxiw15/ajs": {
      "version": "1.0.0",
      "resolved": "https://npm.pkg.github.com/download/@maxiw15/ajs/1.0.0/5d2b5958841339ceadad0b5b9acebe5d1802e00c",
      "integrity": "sha512-IVpupEk05+xj/Yecd7dWgPUK1vD2fRr7s1kCZ8lyj4q2+Edj6Wmh0ts0mP6bOY8O3x8XmGpdAK4U84fECozs7g==",
      "license": "ISC"
    }
  }
}
